{
  "name": "@YOUR_GITHUB_USER_NAME_HERE/YOUR_GITHUB_REPO_NAME_HERE",
    "version": "1.0.0",
    "lockfileVersion": 2,
    "requires": true,
    "packages": {
        "": {
      "name": "@YOUR_GITHUB_USER_NAME_HERE/YOUR_GITHUB_REPO_NAME_HERE",
            "version": "1.0.0",
            "license": "ISC"
        }
    }
}
